
Microsoft Visual Studio Solution File, Format Version 12.00
# Visual Studio Version 17
VisualStudioVersion = 17.0.31903.59
MinimumVisualStudioVersion = 10.0.40219.1
Project("{FAE04EC0-301F-11D3-BF4B-00C04F79EFBC}") = "GTANetworkShared", "Shared\GTANetworkShared.csproj", "{D4F825BC-F733-46F8-95DA-7EFC1CCE8B32}"
EndProject
Project("{FAE04EC0-301F-11D3-BF4B-00C04F79EFBC}") = "GTANetworkServer", "Server\GTANetworkServer.csproj", "{32E37527-B6D5-4BFA-9D8C-422D4EDE9E32}"
EndProject
Project("{FAE04EC0-301F-11D3-BF4B-00C04F79EFBC}") = "Map2Resource", "Map2Resource\Map2Resource.csproj", "{6310B249-78B3-441B-9C66-CB6F2A34A26C}"
EndProject
Project("{2150E333-8FDC-42A3-9474-1A3956D46DE8}") = "Shv.NET", "Shv.NET", "{720A54D1-8598-4A42-B2D1-13698D39A43D}"
EndProject
Project("{FAE04EC0-301F-11D3-BF4B-00C04F79EFBC}") = "ScriptHookVDotNet.Ref", "Shv.NET\ref\ScriptHookVDotNet.Ref.csproj", "{76063957-CF1D-4650-994E-63DFDEC64071}"
EndProject
Project("{FAE04EC0-301F-11D3-BF4B-00C04F79EFBC}") = "NativeUI", "NativeUI\NativeUI.csproj", "{DD1999E3-AE9E-4E73-922B-7F529A51CE80}"
EndProject
Project("{FAE04EC0-301F-11D3-BF4B-00C04F79EFBC}") = "GTANetworkClient", "Client\GTANetworkClient.csproj", "{D55E4F39-1FFA-4EC2-B0FB-E153837520B9}"
EndProject
Project("{2150E333-8FDC-42A3-9474-1A3956D46DE8}") = "Subprocess", "Subprocess", "{FC2FA478-0B5F-44B7-965D-6C04EEDF083F}"
EndProject
Project("{FAE04EC0-301F-11D3-BF4B-00C04F79EFBC}") = "GTANSubprocess", "Subprocess\GTANSubprocess\GTANSubprocess.csproj", "{C81670E7-0175-4956-8B60-061A51377A18}"
EndProject
Project("{FAE04EC0-301F-11D3-BF4B-00C04F79EFBC}") = "PlayGTANetwork", "Subprocess\PlayGTANetwork\PlayGTANetwork.csproj", "{8D839FB2-3096-489A-829E-67363D51EFB3}"
EndProject
Project("{FAE04EC0-301F-11D3-BF4B-00C04F79EFBC}") = "PlayGTANetworkUpdater", "Subprocess\PlayGTANetworkUpdater\PlayGTANetworkUpdater.csproj", "{48F1C283-7956-47E1-8D6E-76F6C70A060D}"
EndProject
Project("{FAE04EC0-301F-11D3-BF4B-00C04F79EFBC}") = "GTANetwork.Launcher", "Launcher\GTANetwork.Launcher.csproj", "{F46AB5EA-5AF4-489D-AF33-C21037F87743}"
EndProject
Project("{2150E333-8FDC-42A3-9474-1A3956D46DE8}") = "Tools", "Tools", "{C73A6DCA-EC18-49E4-8508-9620CF663AEA}"
EndProject
Project("{FAE04EC0-301F-11D3-BF4B-00C04F79EFBC}") = "GTANetwork.Bot", "Tools\GTANetwork.Bot\GTANetwork.Bot.csproj", "{547F6892-AA4E-4EF8-B1DF-241F9A0574CE}"
EndProject
Project("{FAE04EC0-301F-11D3-BF4B-00C04F79EFBC}") = "CefHarness", "Tools\CefHarness\CefHarness.csproj", "{FD265336-E547-4BF6-A47A-B0DD51BC1507}"
EndProject
Project("{FAE04EC0-301F-11D3-BF4B-00C04F79EFBC}") = "GTANetwork.CefHost", "Subprocess\GTANetwork.CefHost\GTANetwork.CefHost.csproj", "{4119655C-0B00-4186-900E-A378132498A8}"
EndProject
Global
	GlobalSection(SolutionConfigurationPlatforms) = preSolution
		Debug|Any CPU = Debug|Any CPU
		Release|Any CPU = Release|Any CPU
	EndGlobalSection
	GlobalSection(SolutionProperties) = preSolution
		HideSolutionNode = FALSE
	EndGlobalSection
	GlobalSection(ProjectConfigurationPlatforms) = postSolution
		{D4F825BC-F733-46F8-95DA-7EFC1CCE8B32}.Debug|Any CPU.ActiveCfg = Debug|Any CPU
		{D4F825BC-F733-46F8-95DA-7EFC1CCE8B32}.Debug|Any CPU.Build.0 = Debug|Any CPU
		{D4F825BC-F733-46F8-95DA-7EFC1CCE8B32}.Release|Any CPU.ActiveCfg = Release|Any CPU
		{D4F825BC-F733-46F8-95DA-7EFC1CCE8B32}.Release|Any CPU.Build.0 = Release|Any CPU
		{32E37527-B6D5-4BFA-9D8C-422D4EDE9E32}.Debug|Any CPU.ActiveCfg = Debug|Any CPU
		{32E37527-B6D5-4BFA-9D8C-422D4EDE9E32}.Debug|Any CPU.Build.0 = Debug|Any CPU
		{32E37527-B6D5-4BFA-9D8C-422D4EDE9E32}.Release|Any CPU.ActiveCfg = Release|Any CPU
		{32E37527-B6D5-4BFA-9D8C-422D4EDE9E32}.Release|Any CPU.Build.0 = Release|Any CPU
		{6310B249-78B3-441B-9C66-CB6F2A34A26C}.Debug|Any CPU.ActiveCfg = Debug|Any CPU
		{6310B249-78B3-441B-9C66-CB6F2A34A26C}.Debug|Any CPU.Build.0 = Debug|Any CPU
		{6310B249-78B3-441B-9C66-CB6F2A34A26C}.Release|Any CPU.ActiveCfg = Release|Any CPU
		{6310B249-78B3-441B-9C66-CB6F2A34A26C}.Release|Any CPU.Build.0 = Release|Any CPU
		{76063957-CF1D-4650-994E-63DFDEC64071}.Debug|Any CPU.ActiveCfg = Debug|Any CPU
		{76063957-CF1D-4650-994E-63DFDEC64071}.Debug|Any CPU.Build.0 = Debug|Any CPU
		{76063957-CF1D-4650-994E-63DFDEC64071}.Release|Any CPU.ActiveCfg = Release|Any CPU
		{76063957-CF1D-4650-994E-63DFDEC64071}.Release|Any CPU.Build.0 = Release|Any CPU
		{DD1999E3-AE9E-4E73-922B-7F529A51CE80}.Debug|Any CPU.ActiveCfg = Debug|Any CPU
		{DD1999E3-AE9E-4E73-922B-7F529A51CE80}.Debug|Any CPU.Build.0 = Debug|Any CPU
		{DD1999E3-AE9E-4E73-922B-7F529A51CE80}.Release|Any CPU.ActiveCfg = Release|Any CPU
		{DD1999E3-AE9E-4E73-922B-7F529A51CE80}.Release|Any CPU.Build.0 = Release|Any CPU
		{D55E4F39-1FFA-4EC2-B0FB-E153837520B9}.Debug|Any CPU.ActiveCfg = Debug|Any CPU
		{D55E4F39-1FFA-4EC2-B0FB-E153837520B9}.Debug|Any CPU.Build.0 = Debug|Any CPU
		{D55E4F39-1FFA-4EC2-B0FB-E153837520B9}.Release|Any CPU.ActiveCfg = Release|Any CPU
		{D55E4F39-1FFA-4EC2-B0FB-E153837520B9}.Release|Any CPU.Build.0 = Release|Any CPU
		{C81670E7-0175-4956-8B60-061A51377A18}.Debug|Any CPU.ActiveCfg = Debug|Any CPU
		{C81670E7-0175-4956-8B60-061A51377A18}.Debug|Any CPU.Build.0 = Debug|Any CPU
		{C81670E7-0175-4956-8B60-061A51377A18}.Release|Any CPU.ActiveCfg = Release|Any CPU
		{C81670E7-0175-4956-8B60-061A51377A18}.Release|Any CPU.Build.0 = Release|Any CPU
		{8D839FB2-3096-489A-829E-67363D51EFB3}.Debug|Any CPU.ActiveCfg = Debug|Any CPU
		{8D839FB2-3096-489A-829E-67363D51EFB3}.Debug|Any CPU.Build.0 = Debug|Any CPU
		{8D839FB2-3096-489A-829E-67363D51EFB3}.Release|Any CPU.ActiveCfg = Release|Any CPU
		{8D839FB2-3096-489A-829E-67363D51EFB3}.Release|Any CPU.Build.0 = Release|Any CPU
		{48F1C283-7956-47E1-8D6E-76F6C70A060D}.Debug|Any CPU.ActiveCfg = Debug|Any CPU
		{48F1C283-7956-47E1-8D6E-76F6C70A060D}.Debug|Any CPU.Build.0 = Debug|Any CPU
		{48F1C283-7956-47E1-8D6E-76F6C70A060D}.Release|Any CPU.ActiveCfg = Release|Any CPU
		{48F1C283-7956-47E1-8D6E-76F6C70A060D}.Release|Any CPU.Build.0 = Release|Any CPU
		{F46AB5EA-5AF4-489D-AF33-C21037F87743}.Debug|Any CPU.ActiveCfg = Debug|Any CPU
		{F46AB5EA-5AF4-489D-AF33-C21037F87743}.Debug|Any CPU.Build.0 = Debug|Any CPU
		{F46AB5EA-5AF4-489D-AF33-C21037F87743}.Release|Any CPU.ActiveCfg = Release|Any CPU
		{F46AB5EA-5AF4-489D-AF33-C21037F87743}.Release|Any CPU.Build.0 = Release|Any CPU
		{547F6892-AA4E-4EF8-B1DF-241F9A0574CE}.Debug|Any CPU.ActiveCfg = Debug|Any CPU
		{547F6892-AA4E-4EF8-B1DF-241F9A0574CE}.Debug|Any CPU.Build.0 = Debug|Any CPU
		{547F6892-AA4E-4EF8-B1DF-241F9A0574CE}.Release|Any CPU.ActiveCfg = Release|Any CPU
		{547F6892-AA4E-4EF8-B1DF-241F9A0574CE}.Release|Any CPU.Build.0 = Release|Any CPU
		{FD265336-E547-4BF6-A47A-B0DD51BC1507}.Debug|Any CPU.ActiveCfg = Debug|Any CPU
		{FD265336-E547-4BF6-A47A-B0DD51BC1507}.Debug|Any CPU.Build.0 = Debug|Any CPU
		{FD265336-E547-4BF6-A47A-B0DD51BC1507}.Release|Any CPU.ActiveCfg = Release|Any CPU
		{FD265336-E547-4BF6-A47A-B0DD51BC1507}.Release|Any CPU.Build.0 = Release|Any CPU
		{4119655C-0B00-4186-900E-A378132498A8}.Debug|Any CPU.ActiveCfg = Debug|Any CPU
		{4119655C-0B00-4186-900E-A378132498A8}.Debug|Any CPU.Build.0 = Debug|Any CPU
		{4119655C-0B00-4186-900E-A378132498A8}.Release|Any CPU.ActiveCfg = Release|Any CPU
		{4119655C-0B00-4186-900E-A378132498A8}.Release|Any CPU.Build.0 = Release|Any CPU
	EndGlobalSection
	GlobalSection(NestedProjects) = preSolution
		{76063957-CF1D-4650-994E-63DFDEC64071} = {720A54D1-8598-4A42-B2D1-13698D39A43D}
		{C81670E7-0175-4956-8B60-061A51377A18} = {FC2FA478-0B5F-44B7-965D-6C04EEDF083F}
		{8D839FB2-3096-489A-829E-67363D51EFB3} = {FC2FA478-0B5F-44B7-965D-6C04EEDF083F}
		{48F1C283-7956-47E1-8D6E-76F6C70A060D} = {FC2FA478-0B5F-44B7-965D-6C04EEDF083F}
		{547F6892-AA4E-4EF8-B1DF-241F9A0574CE} = {C73A6DCA-EC18-49E4-8508-9620CF663AEA}
		{FD265336-E547-4BF6-A47A-B0DD51BC1507} = {C73A6DCA-EC18-49E4-8508-9620CF663AEA}
		{4119655C-0B00-4186-900E-A378132498A8} = {FC2FA478-0B5F-44B7-965D-6C04EEDF083F}
	EndGlobalSection
EndGlobal
